version: '1'
config_digest: sha256:c3a74861035390b95e0567878e4022f0799bb5b1911dbde33e336821de86f576
lock_digest: sha256:1d888d8d10962ba122b9f5e8b0224d24561784ab4ddf1b883cfd872c5285f19d
generated_at: 2026-05-04 20:30:27.331935+00:00
artifacts:
  public_kev_bundle:
    kind: directory
    uri: ./data
    sha256: sha256:f884e5f8fad66c6bba54face97863137833ab26035d7a4cda333063d0ab224f9
    metadata: {}
providers:
  parse_public_kev_bundle:
    version: 1.0.0
    ref: cruxible_core.providers.common.tabular.load_tabular_artifact_bundle
    provider_entrypoint_sha256: sha256:b2640a1835789e183d747ae4b345ca3a026f2b6916c8bcc7b7da34aa17e909da
    runtime: python
    deterministic: true
    side_effects: false
    artifact: public_kev_bundle
    config: {}
  normalize_public_kev_reference:
    version: 1.0.0
    ref: kit://providers/reference.py::normalize_public_kev_reference
    provider_entrypoint_sha256: sha256:cede61a74924df0d95ccb33aa47c6c44694e837a3adc909ecc87a61d6ade522f
    runtime: python
    deterministic: true
    side_effects: false
    artifact: public_kev_bundle
    config: {}
