version: '1'
config_digest: sha256:4a7e23c149451f18ddd81ac806c10efe03c066b01c09f1a611cdc0340285f967
lock_digest: sha256:4922a7c30ee6e2c59ccf230329629e33a669e7bc47b1f189876dbb889042967c
generated_at: 2026-05-25 16:25:57.694416+00:00
artifacts:
  public_kev_bundle:
    kind: directory
    uri: ./data
    sha256: sha256:f884e5f8fad66c6bba54face97863137833ab26035d7a4cda333063d0ab224f9
    metadata: {}
providers:
  parse_public_kev_bundle:
    version: 1.0.0
    ref: cruxible_core.providers.common.tabular.load_tabular_artifact_bundle
    provider_entrypoint_sha256: sha256:035d023dcdd2b7c544381a2e9f692d19b6aa4d5863d02c62dc2cd6744c4bd411
    runtime: python
    deterministic: true
    side_effects: false
    artifact: public_kev_bundle
    config: {}
  normalize_public_kev_reference:
    version: 1.0.0
    ref: kit://providers/reference.py::normalize_public_kev_reference
    provider_entrypoint_sha256: sha256:e45babb6f2edffbe1fe7d6e51f37db174fb532e3f8cd48e49b1364a20a118624
    runtime: python
    deterministic: true
    side_effects: false
    artifact: public_kev_bundle
    config: {}
