version: '1'
config_digest: sha256:4bff3d9fef4711d6268bde53d5d184d19be9619e2a66203a6bbfbb165a98c100
lock_digest: sha256:c9edcc9b285050ac2176aeb4c5b1312ecc287446ad47bdde7f2fb6ecfffb4e4f
generated_at: 2026-05-27 15:24:33.860120+00:00
artifacts:
  public_kev_bundle:
    kind: directory
    uri: ./data
    sha256: sha256:f884e5f8fad66c6bba54face97863137833ab26035d7a4cda333063d0ab224f9
    metadata: {}
providers:
  parse_public_kev_bundle:
    version: 1.0.0
    ref: cruxible_core.providers.common.tabular.load_tabular_artifact_bundle
    provider_entrypoint_sha256: sha256:035d023dcdd2b7c544381a2e9f692d19b6aa4d5863d02c62dc2cd6744c4bd411
    runtime: python
    deterministic: true
    side_effects: false
    artifact: public_kev_bundle
    config: {}
  normalize_public_kev_reference:
    version: 1.0.0
    ref: kit://providers/reference.py::normalize_public_kev_reference
    provider_entrypoint_sha256: sha256:9a746df65c8252c5b97e48947c414a035d8ba776c4d1192912933cd3a08fbc37
    runtime: python
    deterministic: true
    side_effects: false
    artifact: public_kev_bundle
    config: {}
