version: '1'
config_digest: sha256:43c2cf9fb563245b377ea6345462d8bdbfbc539361542ba02235b6208bc45327
lock_digest: sha256:fb785449ec8562d289827470a7da9202797a857c75afcbc7c5da09c1fe054ead
generated_at: 2026-06-01 11:33:49.912152+00:00
artifacts:
  supply_chain_seed_bundle:
    kind: directory
    uri: ./data/seed
    sha256: sha256:9915f747ad2696e38c9c5047251245e4f7c2ff31c81bec8c8ac9a6f1fe41889a
    metadata: {}
providers:
  load_supply_chain_seed_data:
    version: 1.0.0
    ref: kit://providers/supply_chain_blast_radius.py::load_seed_data
    provider_entrypoint_sha256: sha256:61318d6741ab22a16b24c6d0c89b021985c633aede2936a9a3ee225b45162e40
    runtime: python
    deterministic: true
    side_effects: false
    artifact: supply_chain_seed_bundle
    config: {}
  assess_incident_supplier_scope:
    version: 1.0.0
    ref: kit://providers/supply_chain_blast_radius.py::assess_incident_supplier_scope
    provider_entrypoint_sha256: sha256:61318d6741ab22a16b24c6d0c89b021985c633aede2936a9a3ee225b45162e40
    runtime: python
    deterministic: true
    side_effects: false
    config: {}
  fetch_inventory_positions:
    version: 1.0.0
    ref: kit://providers/supply_chain_blast_radius.py::fetch_inventory_positions
    provider_entrypoint_sha256: sha256:61318d6741ab22a16b24c6d0c89b021985c633aede2936a9a3ee225b45162e40
    runtime: python
    deterministic: false
    side_effects: false
    config:
      base_url: null
      timeout_s: 20
  assess_buffer_coverage:
    version: 1.0.0
    ref: kit://providers/supply_chain_blast_radius.py::assess_buffer_coverage
    provider_entrypoint_sha256: sha256:61318d6741ab22a16b24c6d0c89b021985c633aede2936a9a3ee225b45162e40
    runtime: python
    deterministic: true
    side_effects: false
    config: {}
  assess_incident_component_cascade:
    version: 1.0.0
    ref: kit://providers/supply_chain_blast_radius.py::assess_incident_component_cascade
    provider_entrypoint_sha256: sha256:61318d6741ab22a16b24c6d0c89b021985c633aede2936a9a3ee225b45162e40
    runtime: python
    deterministic: true
    side_effects: false
    config: {}
  assess_incident_assembly_cascade:
    version: 1.0.0
    ref: kit://providers/supply_chain_blast_radius.py::assess_incident_assembly_cascade
    provider_entrypoint_sha256: sha256:61318d6741ab22a16b24c6d0c89b021985c633aede2936a9a3ee225b45162e40
    runtime: python
    deterministic: true
    side_effects: false
    config: {}
  assess_incident_product_exposure:
    version: 1.0.0
    ref: kit://providers/supply_chain_blast_radius.py::assess_incident_product_exposure
    provider_entrypoint_sha256: sha256:61318d6741ab22a16b24c6d0c89b021985c633aede2936a9a3ee225b45162e40
    runtime: python
    deterministic: true
    side_effects: false
    config: {}
