version: '1'
config_digest: sha256:d1eaa17e1998c4f4ae2b97d663bc14462230a98bc60a2f7cb0bc998b2b4d4163
lock_digest: sha256:6d0e3c8a3d3d79ea71142aff9b8f528a1ac483f73b6d39bf26fb77ae96a88829
generated_at: 2026-05-28 18:04:42.641963+00:00
artifacts:
  local_seed_bundle:
    kind: directory
    uri: ./data/seed
    sha256: sha256:f8671b9da8f68c2eae1941a59a2b96195af912c2f14cfdd41098a8dd4d0f193b
    metadata:
      description: Synthetic seed data representing CMDB, service catalog, operational
        system exports, and review material for governed proposals.
providers:
  parse_local_seed_bundle:
    version: 1.0.0
    ref: cruxible_core.providers.common.tabular.load_tabular_artifact_bundle
    provider_entrypoint_sha256: sha256:035d023dcdd2b7c544381a2e9f692d19b6aa4d5863d02c62dc2cd6744c4bd411
    runtime: python
    deterministic: true
    side_effects: false
    artifact: local_seed_bundle
    config: {}
  match_software_to_products:
    version: 1.0.0
    ref: kit://providers/matching.py::match_software_to_products
    provider_entrypoint_sha256: sha256:fbaeb44e60d60efec39c4dff7ad6f6123ac6f46d0e773590597d335f48b8815b
    runtime: python
    deterministic: true
    side_effects: false
    config: {}
  assess_asset_affected:
    version: 1.0.0
    ref: kit://providers/assessment.py::assess_asset_affected
    provider_entrypoint_sha256: sha256:fbaeb44e60d60efec39c4dff7ad6f6123ac6f46d0e773590597d335f48b8815b
    runtime: python
    deterministic: true
    side_effects: false
    config: {}
  assess_asset_exposure:
    version: 1.0.0
    ref: kit://providers/assessment.py::assess_asset_exposure
    provider_entrypoint_sha256: sha256:fbaeb44e60d60efec39c4dff7ad6f6123ac6f46d0e773590597d335f48b8815b
    runtime: python
    deterministic: true
    side_effects: false
    config: {}
  assess_exposure_reconciliation:
    version: 1.0.0
    ref: kit://providers/assessment.py::assess_exposure_reconciliation
    provider_entrypoint_sha256: sha256:fbaeb44e60d60efec39c4dff7ad6f6123ac6f46d0e773590597d335f48b8815b
    runtime: python
    deterministic: true
    side_effects: false
    config: {}
