version: '1'
config_digest: sha256:0f7874def07d363610b728e1bc4c27c6a1736bbd18e1a78ec9e48601007147cc
lock_digest: sha256:465a03f78a089d994891706352aff9e0ed31818b0c9c85abf838242baa11ca3e
generated_at: 2026-05-07 18:05:33.280872+00:00
artifacts:
  local_seed_bundle:
    kind: directory
    uri: ./data/seed
    sha256: sha256:774b1b868538903194302b58fdaa073f677ccc7b2b385e0693fb8dcd0ee6083a
    metadata:
      description: Synthetic seed data representing CMDB, service catalog, operational
        system exports, and review material for governed proposals.
providers:
  parse_local_seed_bundle:
    version: 1.0.0
    ref: cruxible_core.providers.common.tabular.load_tabular_artifact_bundle
    provider_entrypoint_sha256: sha256:3b32b7fb545dce707fb6dcd265ee389aafd68cdce829b6c08c430d043e3443ca
    runtime: python
    deterministic: true
    side_effects: false
    artifact: local_seed_bundle
    config: {}
  normalize_local_seed_tables:
    version: 1.0.0
    ref: kit://providers/seed.py::normalize_local_seed_tables
    provider_entrypoint_sha256: sha256:9ba65c0406910b0de930c8a99dc8369838d6699dd3d2d0324cafc37c644712a9
    runtime: python
    deterministic: true
    side_effects: false
    artifact: local_seed_bundle
    config: {}
  load_software_inventory:
    version: 1.0.0
    ref: kit://providers/seed.py::load_software_inventory
    provider_entrypoint_sha256: sha256:9ba65c0406910b0de930c8a99dc8369838d6699dd3d2d0324cafc37c644712a9
    runtime: python
    deterministic: true
    side_effects: false
    artifact: local_seed_bundle
    config: {}
  match_software_to_products:
    version: 1.0.0
    ref: kit://providers/matching.py::match_software_to_products
    provider_entrypoint_sha256: sha256:9ba65c0406910b0de930c8a99dc8369838d6699dd3d2d0324cafc37c644712a9
    runtime: python
    deterministic: true
    side_effects: false
    config: {}
  assess_asset_affected:
    version: 1.0.0
    ref: kit://providers/assessment.py::assess_asset_affected
    provider_entrypoint_sha256: sha256:9ba65c0406910b0de930c8a99dc8369838d6699dd3d2d0324cafc37c644712a9
    runtime: python
    deterministic: true
    side_effects: false
    config: {}
  assess_asset_exposure:
    version: 1.0.0
    ref: kit://providers/assessment.py::assess_asset_exposure
    provider_entrypoint_sha256: sha256:9ba65c0406910b0de930c8a99dc8369838d6699dd3d2d0324cafc37c644712a9
    runtime: python
    deterministic: true
    side_effects: false
    config: {}
  assess_exposure_reconciliation:
    version: 1.0.0
    ref: kit://providers/assessment.py::assess_exposure_reconciliation
    provider_entrypoint_sha256: sha256:9ba65c0406910b0de930c8a99dc8369838d6699dd3d2d0324cafc37c644712a9
    runtime: python
    deterministic: true
    side_effects: false
    config: {}
