version: '1'
config_digest: sha256:808a84023dc36c4fba82b1129bba63a7b45ed830eb5b7ab5b065c2daf1b87299
lock_digest: sha256:0a1fd5a9f787aebe532adf5ad7687e5bd5ffc17bb59d3fb272dbc3ea25a7d4dc
generated_at: 2026-07-29 11:26:10.625984+00:00
artifacts:
  local_seed_bundle:
    kind: directory
    uri: ./data/seed
    digest: sha256:eb5675109ea4b2fc44f1a59419aa4e294aa605df95f9a0fc941d9f0d4af3a073
    metadata:
      description: Synthetic seed data representing CMDB, service catalog, operational
        system exports, and review material for governed proposals.
providers:
  parse_local_seed_bundle:
    version: 1.0.0
    ref: cruxible_core.providers.common.tabular.load_tabular_artifact_bundle
    provider_entrypoint_digest: sha256:e4939b3dcba620e8e12827c733910d1e7e70977936036ceb99a325cba0660c43
    runtime: python
    deterministic: true
    side_effects: false
    artifact: local_seed_bundle
    config: {}
  match_software_to_products:
    version: 1.0.0
    ref: kit://providers/matching.py::match_software_to_products
    provider_entrypoint_digest: sha256:5316c4aff70cc5048707bd9e588606c977b4224b7356bf3db299fd4ca119cede
    runtime: python
    deterministic: true
    side_effects: false
    config: {}
  assess_asset_affected:
    version: 1.0.0
    ref: kit://providers/assessment.py::assess_asset_affected
    provider_entrypoint_digest: sha256:5316c4aff70cc5048707bd9e588606c977b4224b7356bf3db299fd4ca119cede
    runtime: python
    deterministic: true
    side_effects: false
    config: {}
  assess_asset_exposure:
    version: 1.0.0
    ref: kit://providers/assessment.py::assess_asset_exposure
    provider_entrypoint_digest: sha256:5316c4aff70cc5048707bd9e588606c977b4224b7356bf3db299fd4ca119cede
    runtime: python
    deterministic: true
    side_effects: false
    config: {}
  assess_exposure_reconciliation:
    version: 1.0.0
    ref: kit://providers/assessment.py::assess_exposure_reconciliation
    provider_entrypoint_digest: sha256:5316c4aff70cc5048707bd9e588606c977b4224b7356bf3db299fd4ca119cede
    runtime: python
    deterministic: true
    side_effects: false
    config: {}
