version: '1'
config_digest: sha256:796c7a4025b1d149fc6af3dacfb55668b8a7d36052dd85e835a826d627317cf3
lock_digest: sha256:30cc81c26070ccfdf8d8f5ef207cbe397564b3885bca7ae1c8aa520962c5d12c
generated_at: 2026-07-05 20:07:56.063740+00:00
artifacts:
  corpus_seed_bundle:
    kind: directory
    uri: ./data/seed
    digest: sha256:31445cd96d47f74667d0719c754125d03f4c37e0851b547a7c45be9b86fd198f
    metadata:
      description: 'Digest-pinned two-act corpus: real public opinions (CourtListener
        metadata, Chevron-deference cluster) plus the synthetic firm layer. Act two
        (the update that brings in the overruling opinion) ships as a second fixture
        consumed by refresh_corpus when offline.

        '
providers:
  load_corpus_seed:
    version: 0.2.0
    ref: kit://providers/case_law_monitoring.py::load_corpus_seed
    provider_entrypoint_digest: sha256:f4bbc0cbb20e22da4d8d68450da24e3703843851bb85486bbfcb2b36ca116b2f
    runtime: python
    deterministic: true
    side_effects: false
    artifact: corpus_seed_bundle
    config: {}
  load_corpus_update:
    version: 0.2.0
    ref: kit://providers/case_law_monitoring.py::load_corpus_update
    provider_entrypoint_digest: sha256:f4bbc0cbb20e22da4d8d68450da24e3703843851bb85486bbfcb2b36ca116b2f
    runtime: python
    deterministic: true
    side_effects: false
    artifact: corpus_seed_bundle
    config: {}
  load_docket_feed:
    version: 0.2.0
    ref: kit://providers/case_law_monitoring.py::load_docket_feed
    provider_entrypoint_digest: sha256:f4bbc0cbb20e22da4d8d68450da24e3703843851bb85486bbfcb2b36ca116b2f
    runtime: python
    deterministic: true
    side_effects: false
    artifact: corpus_seed_bundle
    config: {}
  load_case_outcome_feed:
    version: 0.2.0
    ref: kit://providers/case_law_monitoring.py::load_case_outcome_feed
    provider_entrypoint_digest: sha256:f4bbc0cbb20e22da4d8d68450da24e3703843851bb85486bbfcb2b36ca116b2f
    runtime: python
    deterministic: true
    side_effects: false
    artifact: corpus_seed_bundle
    config: {}
  sweep_stale_deadlines:
    version: 0.2.0
    ref: kit://providers/case_law_monitoring.py::sweep_stale_deadlines
    provider_entrypoint_digest: sha256:f4bbc0cbb20e22da4d8d68450da24e3703843851bb85486bbfcb2b36ca116b2f
    runtime: python
    deterministic: true
    side_effects: false
    config: {}
  extract_holdings_from_opinions:
    version: 0.2.0
    ref: kit://providers/case_law_monitoring.py::extract_holdings_from_opinions
    provider_entrypoint_digest: sha256:f4bbc0cbb20e22da4d8d68450da24e3703843851bb85486bbfcb2b36ca116b2f
    runtime: python
    deterministic: true
    side_effects: false
    config: {}
  link_holdings_to_statutes:
    version: 0.2.0
    ref: kit://providers/case_law_monitoring.py::link_holdings_to_statutes
    provider_entrypoint_digest: sha256:f4bbc0cbb20e22da4d8d68450da24e3703843851bb85486bbfcb2b36ca116b2f
    runtime: python
    deterministic: true
    side_effects: false
    config: {}
  map_holdings_to_issues:
    version: 0.2.0
    ref: kit://providers/case_law_monitoring.py::map_holdings_to_issues
    provider_entrypoint_digest: sha256:f4bbc0cbb20e22da4d8d68450da24e3703843851bb85486bbfcb2b36ca116b2f
    runtime: python
    deterministic: true
    side_effects: false
    config: {}
  classify_opinion_treatment:
    version: 0.2.0
    ref: kit://providers/case_law_monitoring.py::classify_opinion_treatment
    provider_entrypoint_digest: sha256:f4bbc0cbb20e22da4d8d68450da24e3703843851bb85486bbfcb2b36ca116b2f
    runtime: python
    deterministic: true
    side_effects: false
    config: {}
  assess_argument_impact:
    version: 0.2.0
    ref: kit://providers/case_law_monitoring.py::assess_argument_impact
    provider_entrypoint_digest: sha256:f4bbc0cbb20e22da4d8d68450da24e3703843851bb85486bbfcb2b36ca116b2f
    runtime: python
    deterministic: true
    side_effects: false
    config: {}
  scope_matters_to_statutes:
    version: 0.2.0
    ref: kit://providers/case_law_monitoring.py::scope_matters_to_statutes
    provider_entrypoint_digest: sha256:f4bbc0cbb20e22da4d8d68450da24e3703843851bb85486bbfcb2b36ca116b2f
    runtime: python
    deterministic: true
    side_effects: false
    artifact: corpus_seed_bundle
    config: {}
  assess_matter_impact:
    version: 0.2.0
    ref: kit://providers/case_law_monitoring.py::assess_matter_impact
    provider_entrypoint_digest: sha256:f4bbc0cbb20e22da4d8d68450da24e3703843851bb85486bbfcb2b36ca116b2f
    runtime: python
    deterministic: true
    side_effects: false
    config: {}
  assess_filing_response_obligations:
    version: 0.2.0
    ref: kit://providers/case_law_monitoring.py::assess_filing_response_obligations
    provider_entrypoint_digest: sha256:f4bbc0cbb20e22da4d8d68450da24e3703843851bb85486bbfcb2b36ca116b2f
    runtime: python
    deterministic: true
    side_effects: false
    config: {}
  route_review_work:
    version: 0.2.0
    ref: kit://providers/case_law_monitoring.py::route_review_work
    provider_entrypoint_digest: sha256:f4bbc0cbb20e22da4d8d68450da24e3703843851bb85486bbfcb2b36ca116b2f
    runtime: python
    deterministic: true
    side_effects: false
    config: {}
